// !$*UTF8*$!
{
	archiveVersion = 1;
	classes = {
	};
	objectVersion = 77;
	objects = {

/* Begin PBXBuildFile section */
		02181C936B25E857BA13FB1A /* ClipStashApp.swift in Sources */ = {isa = PBXBuildFile; fileRef = B16A6D7E5AE29D2B7068A40C /* ClipStashApp.swift */; };
		03D168CFE26063E1423EE44F /* ClipRepository.swift in Sources */ = {isa = PBXBuildFile; fileRef = 4AA570DC616D3BC2D68CBC81 /* ClipRepository.swift */; };
		11D1A3EDE260280549D1C09F /* PopoverContentView.swift in Sources */ = {isa = PBXBuildFile; fileRef = FC137EE49BAD6368F70FA4F1 /* PopoverContentView.swift */; };
		17F3B7C6A1AA5E82EA68A1BA /* AppDatabase.swift in Sources */ = {isa = PBXBuildFile; fileRef = 73BB7F8E6CD78CEA36E47075 /* AppDatabase.swift */; };
		35A54A304941A066A9393C18 /* ClipListViewModel.swift in Sources */ = {isa = PBXBuildFile; fileRef = 618B7F1480BE7061D8DFBE10 /* ClipListViewModel.swift */; };
		3B8DBAAB41E365B969E89579 /* ClipItem.swift in Sources */ = {isa = PBXBuildFile; fileRef = 2C4F4918D2370829FA617004 /* ClipItem.swift */; };
		3C2741351DB4766A4B625298 /* EmptyStateView.swift in Sources */ = {isa = PBXBuildFile; fileRef = 9D2E98B06FB9FDD3F87395F5 /* EmptyStateView.swift */; };
		4031A09703B2D2A3BB012C48 /* ContentType.swift in Sources */ = {isa = PBXBuildFile; fileRef = BAE781603E76DC051CDDC04B /* ContentType.swift */; };
		6AF882E7572FF147E0384DDD /* NSRunningApplication+Ext.swift in Sources */ = {isa = PBXBuildFile; fileRef = 0253C6C97784AA7B4A3FC2F4 /* NSRunningApplication+Ext.swift */; };
		6E2DD92536312A679CB191A6 /* DateFormatter+Ext.swift in Sources */ = {isa = PBXBuildFile; fileRef = BBF14A5B5265665260F7EF97 /* DateFormatter+Ext.swift */; };
		84120649B129069E58ADD4B7 /* LLMService.swift in Sources */ = {isa = PBXBuildFile; fileRef = 2B64412DEB0AA06FE22E3413 /* LLMService.swift */; };
		8BC6DFF162ADCA589F06D910 /* ClipRowView.swift in Sources */ = {isa = PBXBuildFile; fileRef = 4468B74DEC62A19483B18DF7 /* ClipRowView.swift */; };
		8DAD04BDDF331D5A88738049 /* SearchBarView.swift in Sources */ = {isa = PBXBuildFile; fileRef = 745BC3B06418FF04A49D126E /* SearchBarView.swift */; };
		A23D1DF4A744A8FCE8B26A88 /* ClipListView.swift in Sources */ = {isa = PBXBuildFile; fileRef = D027642B2A2306CF2462953D /* ClipListView.swift */; };
		AEEFBEEFEA1E2B0FD8BDBEC5 /* ClipboardWatcher.swift in Sources */ = {isa = PBXBuildFile; fileRef = F0921CD1E558321133890107 /* ClipboardWatcher.swift */; };
		D4C39E6BB1B9A1E7B3F04A2B /* String+Ext.swift in Sources */ = {isa = PBXBuildFile; fileRef = 564E4ED567E8B657E3371936 /* String+Ext.swift */; };
		F1770257DEAE07C97175E93C /* HotkeyManager.swift in Sources */ = {isa = PBXBuildFile; fileRef = 1ABD883A560D317B46FDDDF3 /* HotkeyManager.swift */; };
		FD444D283F0CDC8D8F464E31 /* AppDelegate.swift in Sources */ = {isa = PBXBuildFile; fileRef = 4AECAE3FB1DC0F16BE2B2E20 /* AppDelegate.swift */; };
		FEAD8C5FF6485D94EF424C22 /* GRDB in Frameworks */ = {isa = PBXBuildFile; productRef = 4D6411D0941B43996EDEB0CB /* GRDB */; };
/* End PBXBuildFile section */

/* Begin PBXFileReference section */
		0253C6C97784AA7B4A3FC2F4 /* NSRunningApplication+Ext.swift */ = {isa = PBXFileReference; lastKnownFileType = sourcecode.swift; path = "NSRunningApplication+Ext.swift"; sourceTree = "<group>"; };
		1ABD883A560D317B46FDDDF3 /* HotkeyManager.swift */ = {isa = PBXFileReference; lastKnownFileType = sourcecode.swift; path = HotkeyManager.swift; sourceTree = "<group>"; };
		2B64412DEB0AA06FE22E3413 /* LLMService.swift */ = {isa = PBXFileReference; lastKnownFileType = sourcecode.swift; path = LLMService.swift; sourceTree = "<group>"; };
		2C4F4918D2370829FA617004 /* ClipItem.swift */ = {isa = PBXFileReference; lastKnownFileType = sourcecode.swift; path = ClipItem.swift; sourceTree = "<group>"; };
		4468B74DEC62A19483B18DF7 /* ClipRowView.swift */ = {isa = PBXFileReference; lastKnownFileType = sourcecode.swift; path = ClipRowView.swift; sourceTree = "<group>"; };
		4AA570DC616D3BC2D68CBC81 /* ClipRepository.swift */ = {isa = PBXFileReference; lastKnownFileType = sourcecode.swift; path = ClipRepository.swift; sourceTree = "<group>"; };
		4AECAE3FB1DC0F16BE2B2E20 /* AppDelegate.swift */ = {isa = PBXFileReference; lastKnownFileType = sourcecode.swift; path = AppDelegate.swift; sourceTree = "<group>"; };
		564E4ED567E8B657E3371936 /* String+Ext.swift */ = {isa = PBXFileReference; lastKnownFileType = sourcecode.swift; path = "String+Ext.swift"; sourceTree = "<group>"; };
		618B7F1480BE7061D8DFBE10 /* ClipListViewModel.swift */ = {isa = PBXFileReference; lastKnownFileType = sourcecode.swift; path = ClipListViewModel.swift; sourceTree = "<group>"; };
		73BB7F8E6CD78CEA36E47075 /* AppDatabase.swift */ = {isa = PBXFileReference; lastKnownFileType = sourcecode.swift; path = AppDatabase.swift; sourceTree = "<group>"; };
		745BC3B06418FF04A49D126E /* SearchBarView.swift */ = {isa = PBXFileReference; lastKnownFileType = sourcecode.swift; path = SearchBarView.swift; sourceTree = "<group>"; };
		9D2E98B06FB9FDD3F87395F5 /* EmptyStateView.swift */ = {isa = PBXFileReference; lastKnownFileType = sourcecode.swift; path = EmptyStateView.swift; sourceTree = "<group>"; };
		A24F8C29A10A2DAAF409350B /* ClipStash.app */ = {isa = PBXFileReference; explicitFileType = wrapper.application; includeInIndex = 0; path = ClipStash.app; sourceTree = BUILT_PRODUCTS_DIR; };
		B16A6D7E5AE29D2B7068A40C /* ClipStashApp.swift */ = {isa = PBXFileReference; lastKnownFileType = sourcecode.swift; path = ClipStashApp.swift; sourceTree = "<group>"; };
		BAE781603E76DC051CDDC04B /* ContentType.swift */ = {isa = PBXFileReference; lastKnownFileType = sourcecode.swift; path = ContentType.swift; sourceTree = "<group>"; };
		BBF14A5B5265665260F7EF97 /* DateFormatter+Ext.swift */ = {isa = PBXFileReference; lastKnownFileType = sourcecode.swift; path = "DateFormatter+Ext.swift"; sourceTree = "<group>"; };
		D027642B2A2306CF2462953D /* ClipListView.swift */ = {isa = PBXFileReference; lastKnownFileType = sourcecode.swift; path = ClipListView.swift; sourceTree = "<group>"; };
		F0921CD1E558321133890107 /* ClipboardWatcher.swift */ = {isa = PBXFileReference; lastKnownFileType = sourcecode.swift; path = ClipboardWatcher.swift; sourceTree = "<group>"; };
		FC137EE49BAD6368F70FA4F1 /* PopoverContentView.swift */ = {isa = PBXFileReference; lastKnownFileType = sourcecode.swift; path = PopoverContentView.swift; sourceTree = "<group>"; };
/* End PBXFileReference section */

/* Begin PBXFrameworksBuildPhase section */
		B2A2A5A738F743DD572B3466 /* Frameworks */ = {
			isa = PBXFrameworksBuildPhase;
			buildActionMask = 2147483647;
			files = (
				FEAD8C5FF6485D94EF424C22 /* GRDB in Frameworks */,
			);
			runOnlyForDeploymentPostprocessing = 0;
		};
/* End PBXFrameworksBuildPhase section */

/* Begin PBXGroup section */
		1AD0FA294C32BF16B7086604 /* Services */ = {
			isa = PBXGroup;
			children = (
				F0921CD1E558321133890107 /* ClipboardWatcher.swift */,
				1ABD883A560D317B46FDDDF3 /* HotkeyManager.swift */,
				2B64412DEB0AA06FE22E3413 /* LLMService.swift */,
			);
			path = Services;
			sourceTree = "<group>";
		};
		25BEBDB2C6315722F939435F /* Views */ = {
			isa = PBXGroup;
			children = (
				D027642B2A2306CF2462953D /* ClipListView.swift */,
				4468B74DEC62A19483B18DF7 /* ClipRowView.swift */,
				9D2E98B06FB9FDD3F87395F5 /* EmptyStateView.swift */,
				FC137EE49BAD6368F70FA4F1 /* PopoverContentView.swift */,
				745BC3B06418FF04A49D126E /* SearchBarView.swift */,
			);
			path = Views;
			sourceTree = "<group>";
		};
		55E70CD059E5CA854013DE19 /* App */ = {
			isa = PBXGroup;
			children = (
				4AECAE3FB1DC0F16BE2B2E20 /* AppDelegate.swift */,
				B16A6D7E5AE29D2B7068A40C /* ClipStashApp.swift */,
			);
			path = App;
			sourceTree = "<group>";
		};
		5DA15891A57A4B8C5ABA42D3 /* Sources */ = {
			isa = PBXGroup;
			children = (
				55E70CD059E5CA854013DE19 /* App */,
				B97C9CB270241CEE12056ECA /* Database */,
				822DD44F928F909D02951F67 /* Models */,
				1AD0FA294C32BF16B7086604 /* Services */,
				EE6DF4075F19CF0C5889BAAF /* Utilities */,
				BB0932E84708EC7E1A29BF19 /* ViewModels */,
				25BEBDB2C6315722F939435F /* Views */,
			);
			path = Sources;
			sourceTree = "<group>";
		};
		7332244E825E009877005BCC /* Products */ = {
			isa = PBXGroup;
			children = (
				A24F8C29A10A2DAAF409350B /* ClipStash.app */,
			);
			name = Products;
			sourceTree = "<group>";
		};
		822DD44F928F909D02951F67 /* Models */ = {
			isa = PBXGroup;
			children = (
				2C4F4918D2370829FA617004 /* ClipItem.swift */,
				BAE781603E76DC051CDDC04B /* ContentType.swift */,
			);
			path = Models;
			sourceTree = "<group>";
		};
		A9101E7403822AE48722F432 = {
			isa = PBXGroup;
			children = (
				5DA15891A57A4B8C5ABA42D3 /* Sources */,
				7332244E825E009877005BCC /* Products */,
			);
			sourceTree = "<group>";
		};
		B97C9CB270241CEE12056ECA /* Database */ = {
			isa = PBXGroup;
			children = (
				73BB7F8E6CD78CEA36E47075 /* AppDatabase.swift */,
				4AA570DC616D3BC2D68CBC81 /* ClipRepository.swift */,
			);
			path = Database;
			sourceTree = "<group>";
		};
		BB0932E84708EC7E1A29BF19 /* ViewModels */ = {
			isa = PBXGroup;
			children = (
				618B7F1480BE7061D8DFBE10 /* ClipListViewModel.swift */,
			);
			path = ViewModels;
			sourceTree = "<group>";
		};
		EE6DF4075F19CF0C5889BAAF /* Utilities */ = {
			isa = PBXGroup;
			children = (
				BBF14A5B5265665260F7EF97 /* DateFormatter+Ext.swift */,
				0253C6C97784AA7B4A3FC2F4 /* NSRunningApplication+Ext.swift */,
				564E4ED567E8B657E3371936 /* String+Ext.swift */,
			);
			path = Utilities;
			sourceTree = "<group>";
		};
/* End PBXGroup section */

/* Begin PBXNativeTarget section */
		1B0F9AE68C248589D2B42A10 /* ClipStash */ = {
			isa = PBXNativeTarget;
			buildConfigurationList = F609867377CE630E03D8E5B6 /* Build configuration list for PBXNativeTarget "ClipStash" */;
			buildPhases = (
				000D3527B1874DD0F0BD6BD2 /* Sources */,
				B2A2A5A738F743DD572B3466 /* Frameworks */,
			);
			buildRules = (
			);
			dependencies = (
			);
			name = ClipStash;
			packageProductDependencies = (
				4D6411D0941B43996EDEB0CB /* GRDB */,
			);
			productName = ClipStash;
			productReference = A24F8C29A10A2DAAF409350B /* ClipStash.app */;
			productType = "com.apple.product-type.application";
		};
/* End PBXNativeTarget section */

/* Begin PBXProject section */
		1ECFA83C76C0C4EAE3C119C4 /* Project object */ = {
			isa = PBXProject;
			attributes = {
				BuildIndependentTargetsInParallel = YES;
				LastUpgradeCheck = 1600;
				TargetAttributes = {
					1B0F9AE68C248589D2B42A10 = {
						ProvisioningStyle = Manual;
					};
				};
			};
			buildConfigurationList = 4352E530CAD429FB3BE9DED0 /* Build configuration list for PBXProject "ClipStash" */;
			compatibilityVersion = "Xcode 14.0";
			developmentRegion = en;
			hasScannedForEncodings = 0;
			knownRegions = (
				Base,
				en,
			);
			mainGroup = A9101E7403822AE48722F432;
			minimizedProjectReferenceProxies = 1;
			packageReferences = (
				5EC9731FD7283B30185F4137 /* XCRemoteSwiftPackageReference "GRDB.swift" */,
			);
			preferredProjectObjectVersion = 77;
			projectDirPath = "";
			projectRoot = "";
			targets = (
				1B0F9AE68C248589D2B42A10 /* ClipStash */,
			);
		};
/* End PBXProject section */

/* Begin PBXSourcesBuildPhase section */
		000D3527B1874DD0F0BD6BD2 /* Sources */ = {
			isa = PBXSourcesBuildPhase;
			buildActionMask = 2147483647;
			files = (
				17F3B7C6A1AA5E82EA68A1BA /* AppDatabase.swift in Sources */,
				FD444D283F0CDC8D8F464E31 /* AppDelegate.swift in Sources */,
				3B8DBAAB41E365B969E89579 /* ClipItem.swift in Sources */,
				A23D1DF4A744A8FCE8B26A88 /* ClipListView.swift in Sources */,
				35A54A304941A066A9393C18 /* ClipListViewModel.swift in Sources */,
				03D168CFE26063E1423EE44F /* ClipRepository.swift in Sources */,
				8BC6DFF162ADCA589F06D910 /* ClipRowView.swift in Sources */,
				02181C936B25E857BA13FB1A /* ClipStashApp.swift in Sources */,
				AEEFBEEFEA1E2B0FD8BDBEC5 /* ClipboardWatcher.swift in Sources */,
				4031A09703B2D2A3BB012C48 /* ContentType.swift in Sources */,
				6E2DD92536312A679CB191A6 /* DateFormatter+Ext.swift in Sources */,
				3C2741351DB4766A4B625298 /* EmptyStateView.swift in Sources */,
				F1770257DEAE07C97175E93C /* HotkeyManager.swift in Sources */,
				84120649B129069E58ADD4B7 /* LLMService.swift in Sources */,
				6AF882E7572FF147E0384DDD /* NSRunningApplication+Ext.swift in Sources */,
				11D1A3EDE260280549D1C09F /* PopoverContentView.swift in Sources */,
				8DAD04BDDF331D5A88738049 /* SearchBarView.swift in Sources */,
				D4C39E6BB1B9A1E7B3F04A2B /* String+Ext.swift in Sources */,
			);
			runOnlyForDeploymentPostprocessing = 0;
		};
/* End PBXSourcesBuildPhase section */

/* Begin XCBuildConfiguration section */
		8F4B1D3AB76A82D09C338EB0 /* Debug */ = {
			isa = XCBuildConfiguration;
			buildSettings = {
				ASSETCATALOG_COMPILER_APPICON_NAME = AppIcon;
				CODE_SIGN_IDENTITY = "-";
				CODE_SIGN_STYLE = Manual;
				COMBINE_HIDPI_IMAGES = YES;
				ENABLE_HARDENED_RUNTIME = YES;
				GENERATE_INFOPLIST_FILE = YES;
				INFOPLIST_KEY_CFBundleDisplayName = ClipStash;
				INFOPLIST_KEY_LSUIElement = YES;
				LD_RUNPATH_SEARCH_PATHS = (
					"$(inherited)",
					"@executable_path/../Frameworks",
				);
				MACOSX_DEPLOYMENT_TARGET = 14.0;
				PRODUCT_BUNDLE_IDENTIFIER = com.clipstash.app;
				PRODUCT_NAME = ClipStash;
				SDKROOT = macosx;
				SWIFT_STRICT_CONCURRENCY = minimal;
				SWIFT_VERSION = 5.0;
			};
			name = Debug;
		};
		A041E2A48E83EBDDA1016546 /* Release */ = {
			isa = XCBuildConfiguration;
			buildSettings = {
				ALWAYS_SEARCH_USER_PATHS = NO;
				CLANG_ANALYZER_NONNULL = YES;
				CLANG_ANALYZER_NUMBER_OBJECT_CONVERSION = YES_AGGRESSIVE;
				CLANG_CXX_LANGUAGE_STANDARD = "gnu++14";
				CLANG_CXX_LIBRARY = "libc++";
				CLANG_ENABLE_MODULES = YES;
				CLANG_ENABLE_OBJC_ARC = YES;
				CLANG_ENABLE_OBJC_WEAK = YES;
				CLANG_WARN_BLOCK_CAPTURE_AUTORELEASING = YES;
				CLANG_WARN_BOOL_CONVERSION = YES;
				CLANG_WARN_COMMA = YES;
				CLANG_WARN_CONSTANT_CONVERSION = YES;
				CLANG_WARN_DEPRECATED_OBJC_IMPLEMENTATIONS = YES;
				CLANG_WARN_DIRECT_OBJC_ISA_USAGE = YES_ERROR;
				CLANG_WARN_DOCUMENTATION_COMMENTS = YES;
				CLANG_WARN_EMPTY_BODY = YES;
				CLANG_WARN_ENUM_CONVERSION = YES;
				CLANG_WARN_INFINITE_RECURSION = YES;
				CLANG_WARN_INT_CONVERSION = YES;
				CLANG_WARN_NON_LITERAL_NULL_CONVERSION = YES;
				CLANG_WARN_OBJC_IMPLICIT_RETAIN_SELF = YES;
				CLANG_WARN_OBJC_LITERAL_CONVERSION = YES;
				CLANG_WARN_OBJC_ROOT_CLASS = YES_ERROR;
				CLANG_WARN_QUOTED_INCLUDE_IN_FRAMEWORK_HEADER = YES;
				CLANG_WARN_RANGE_LOOP_ANALYSIS = YES;
				CLANG_WARN_STRICT_PROTOTYPES = YES;
				CLANG_WARN_SUSPICIOUS_MOVE = YES;
				CLANG_WARN_UNGUARDED_AVAILABILITY = YES_AGGRESSIVE;
				CLANG_WARN_UNREACHABLE_CODE = YES;
				CLANG_WARN__DUPLICATE_METHOD_MATCH = YES;
				COPY_PHASE_STRIP = NO;
				DEBUG_INFORMATION_FORMAT = "dwarf-with-dsym";
				ENABLE_NS_ASSERTIONS = NO;
				ENABLE_STRICT_OBJC_MSGSEND = YES;
				GCC_C_LANGUAGE_STANDARD = gnu11;
				GCC_NO_COMMON_BLOCKS = YES;
				GCC_WARN_64_TO_32_BIT_CONVERSION = YES;
				GCC_WARN_ABOUT_RETURN_TYPE = YES_ERROR;
				GCC_WARN_UNDECLARED_SELECTOR = YES;
				GCC_WARN_UNINITIALIZED_AUTOS = YES_AGGRESSIVE;
				GCC_WARN_UNUSED_FUNCTION = YES;
				GCC_WARN_UNUSED_VARIABLE = YES;
				MACOSX_DEPLOYMENT_TARGET = 14.0;
				MTL_ENABLE_DEBUG_INFO = NO;
				MTL_FAST_MATH = YES;
				PRODUCT_NAME = "$(TARGET_NAME)";
				SDKROOT = macosx;
				SWIFT_COMPILATION_MODE = wholemodule;
				SWIFT_OPTIMIZATION_LEVEL = "-O";
				SWIFT_VERSION = 5.0;
			};
			name = Release;
		};
		B9D0E08E707E2BDAEF820335 /* Release */ = {
			isa = XCBuildConfiguration;
			buildSettings = {
				ASSETCATALOG_COMPILER_APPICON_NAME = AppIcon;
				CODE_SIGN_IDENTITY = "-";
				CODE_SIGN_STYLE = Manual;
				COMBINE_HIDPI_IMAGES = YES;
				ENABLE_HARDENED_RUNTIME = YES;
				GENERATE_INFOPLIST_FILE = YES;
				INFOPLIST_KEY_CFBundleDisplayName = ClipStash;
				INFOPLIST_KEY_LSUIElement = YES;
				LD_RUNPATH_SEARCH_PATHS = (
					"$(inherited)",
					"@executable_path/../Frameworks",
				);
				MACOSX_DEPLOYMENT_TARGET = 14.0;
				PRODUCT_BUNDLE_IDENTIFIER = com.clipstash.app;
				PRODUCT_NAME = ClipStash;
				SDKROOT = macosx;
				SWIFT_STRICT_CONCURRENCY = minimal;
				SWIFT_VERSION = 5.0;
			};
			name = Release;
		};
		EC27EE8224CF475AD9281459 /* Debug */ = {
			isa = XCBuildConfiguration;
			buildSettings = {
				ALWAYS_SEARCH_USER_PATHS = NO;
				CLANG_ANALYZER_NONNULL = YES;
				CLANG_ANALYZER_NUMBER_OBJECT_CONVERSION = YES_AGGRESSIVE;
				CLANG_CXX_LANGUAGE_STANDARD = "gnu++14";
				CLANG_CXX_LIBRARY = "libc++";
				CLANG_ENABLE_MODULES = YES;
				CLANG_ENABLE_OBJC_ARC = YES;
				CLANG_ENABLE_OBJC_WEAK = YES;
				CLANG_WARN_BLOCK_CAPTURE_AUTORELEASING = YES;
				CLANG_WARN_BOOL_CONVERSION = YES;
				CLANG_WARN_COMMA = YES;
				CLANG_WARN_CONSTANT_CONVERSION = YES;
				CLANG_WARN_DEPRECATED_OBJC_IMPLEMENTATIONS = YES;
				CLANG_WARN_DIRECT_OBJC_ISA_USAGE = YES_ERROR;
				CLANG_WARN_DOCUMENTATION_COMMENTS = YES;
				CLANG_WARN_EMPTY_BODY = YES;
				CLANG_WARN_ENUM_CONVERSION = YES;
				CLANG_WARN_INFINITE_RECURSION = YES;
				CLANG_WARN_INT_CONVERSION = YES;
				CLANG_WARN_NON_LITERAL_NULL_CONVERSION = YES;
				CLANG_WARN_OBJC_IMPLICIT_RETAIN_SELF = YES;
				CLANG_WARN_OBJC_LITERAL_CONVERSION = YES;
				CLANG_WARN_OBJC_ROOT_CLASS = YES_ERROR;
				CLANG_WARN_QUOTED_INCLUDE_IN_FRAMEWORK_HEADER = YES;
				CLANG_WARN_RANGE_LOOP_ANALYSIS = YES;
				CLANG_WARN_STRICT_PROTOTYPES = YES;
				CLANG_WARN_SUSPICIOUS_MOVE = YES;
				CLANG_WARN_UNGUARDED_AVAILABILITY = YES_AGGRESSIVE;
				CLANG_WARN_UNREACHABLE_CODE = YES;
				CLANG_WARN__DUPLICATE_METHOD_MATCH = YES;
				COPY_PHASE_STRIP = NO;
				DEBUG_INFORMATION_FORMAT = dwarf;
				ENABLE_STRICT_OBJC_MSGSEND = YES;
				ENABLE_TESTABILITY = YES;
				GCC_C_LANGUAGE_STANDARD = gnu11;
				GCC_DYNAMIC_NO_PIC = NO;
				GCC_NO_COMMON_BLOCKS = YES;
				GCC_OPTIMIZATION_LEVEL = 0;
				GCC_PREPROCESSOR_DEFINITIONS = (
					"$(inherited)",
					"DEBUG=1",
				);
				GCC_WARN_64_TO_32_BIT_CONVERSION = YES;
				GCC_WARN_ABOUT_RETURN_TYPE = YES_ERROR;
				GCC_WARN_UNDECLARED_SELECTOR = YES;
				GCC_WARN_UNINITIALIZED_AUTOS = YES_AGGRESSIVE;
				GCC_WARN_UNUSED_FUNCTION = YES;
				GCC_WARN_UNUSED_VARIABLE = YES;
				MACOSX_DEPLOYMENT_TARGET = 14.0;
				MTL_ENABLE_DEBUG_INFO = INCLUDE_SOURCE;
				MTL_FAST_MATH = YES;
				ONLY_ACTIVE_ARCH = YES;
				PRODUCT_NAME = "$(TARGET_NAME)";
				SDKROOT = macosx;
				SWIFT_ACTIVE_COMPILATION_CONDITIONS = DEBUG;
				SWIFT_OPTIMIZATION_LEVEL = "-Onone";
				SWIFT_VERSION = 5.0;
			};
			name = Debug;
		};
/* End XCBuildConfiguration section */

/* Begin XCConfigurationList section */
		4352E530CAD429FB3BE9DED0 /* Build configuration list for PBXProject "ClipStash" */ = {
			isa = XCConfigurationList;
			buildConfigurations = (
				EC27EE8224CF475AD9281459 /* Debug */,
				A041E2A48E83EBDDA1016546 /* Release */,
			);
			defaultConfigurationIsVisible = 0;
			defaultConfigurationName = Debug;
		};
		F609867377CE630E03D8E5B6 /* Build configuration list for PBXNativeTarget "ClipStash" */ = {
			isa = XCConfigurationList;
			buildConfigurations = (
				8F4B1D3AB76A82D09C338EB0 /* Debug */,
				B9D0E08E707E2BDAEF820335 /* Release */,
			);
			defaultConfigurationIsVisible = 0;
			defaultConfigurationName = Debug;
		};
/* End XCConfigurationList section */

/* Begin XCRemoteSwiftPackageReference section */
		5EC9731FD7283B30185F4137 /* XCRemoteSwiftPackageReference "GRDB.swift" */ = {
			isa = XCRemoteSwiftPackageReference;
			repositoryURL = "https://github.com/groue/GRDB.swift";
			requirement = {
				kind = upToNextMajorVersion;
				minimumVersion = 7.0.0;
			};
		};
/* End XCRemoteSwiftPackageReference section */

/* Begin XCSwiftPackageProductDependency section */
		4D6411D0941B43996EDEB0CB /* GRDB */ = {
			isa = XCSwiftPackageProductDependency;
			package = 5EC9731FD7283B30185F4137 /* XCRemoteSwiftPackageReference "GRDB.swift" */;
			productName = GRDB;
		};
/* End XCSwiftPackageProductDependency section */
	};
	rootObject = 1ECFA83C76C0C4EAE3C119C4 /* Project object */;
}
